
Microsoft Visual Studio Solution File, Format Version 12.00
# Visual Studio 2013
VisualStudioVersion = 12.0.31101.0
MinimumVisualStudioVersion = 10.0.40219.1
Project("{FAE04EC0-301F-11D3-BF4B-00C04F79EFBC}") = "Cinema.Core", "Cinema.Core\Cinema.Core.csproj", "{FC5C2C3F-F34C-4ED4-8D3D-602EB7462637}"
EndProject
Project("{FAE04EC0-301F-11D3-BF4B-00C04F79EFBC}") = "Cinema.Infrastructure.Data", "Cinema.Infrastructure.Data\Cinema.Infrastructure.Data.csproj", "{7F13FD36-3ADA-4A23-9C8E-FBFF21C9CBA3}"
EndProject
Project("{FAE04EC0-301F-11D3-BF4B-00C04F79EFBC}") = "Cinema.AppSerivces", "Cinema.AppSerivces\Cinema.AppSerivces.csproj", "{218B2072-C521-447E-A880-9CF3603443A5}"
EndProject
Project("{FAE04EC0-301F-11D3-BF4B-00C04F79EFBC}") = "Cinema.Infrastructure.Common", "Cinema.Infrastructure.Common\Cinema.Infrastructure.Common.csproj", "{030A381F-97FF-4B90-B8CD-07CB8FC611E9}"
EndProject
Project("{2150E333-8FDC-42A3-9474-1A3956D46DE8}") = "Applications", "Applications", "{0270329B-F2D5-4728-A3AF-1F3C91870F9E}"
EndProject
Project("{FAE04EC0-301F-11D3-BF4B-00C04F79EFBC}") = "Cinema.Admin", "Cinema.Admin\Cinema.Admin.csproj", "{F01CEC6E-AAEC-40C7-BA58-ECDCFFD8C632}"
EndProject
Global
	GlobalSection(SolutionConfigurationPlatforms) = preSolution
		Debug|Any CPU = Debug|Any CPU
		Release|Any CPU = Release|Any CPU
	EndGlobalSection
	GlobalSection(ProjectConfigurationPlatforms) = postSolution
		{FC5C2C3F-F34C-4ED4-8D3D-602EB7462637}.Debug|Any CPU.ActiveCfg = Debug|Any CPU
		{FC5C2C3F-F34C-4ED4-8D3D-602EB7462637}.Debug|Any CPU.Build.0 = Debug|Any CPU
		{FC5C2C3F-F34C-4ED4-8D3D-602EB7462637}.Release|Any CPU.ActiveCfg = Release|Any CPU
		{FC5C2C3F-F34C-4ED4-8D3D-602EB7462637}.Release|Any CPU.Build.0 = Release|Any CPU
		{7F13FD36-3ADA-4A23-9C8E-FBFF21C9CBA3}.Debug|Any CPU.ActiveCfg = Debug|Any CPU
		{7F13FD36-3ADA-4A23-9C8E-FBFF21C9CBA3}.Debug|Any CPU.Build.0 = Debug|Any CPU
		{7F13FD36-3ADA-4A23-9C8E-FBFF21C9CBA3}.Release|Any CPU.ActiveCfg = Release|Any CPU
		{7F13FD36-3ADA-4A23-9C8E-FBFF21C9CBA3}.Release|Any CPU.Build.0 = Release|Any CPU
		{218B2072-C521-447E-A880-9CF3603443A5}.Debug|Any CPU.ActiveCfg = Debug|Any CPU
		{218B2072-C521-447E-A880-9CF3603443A5}.Debug|Any CPU.Build.0 = Debug|Any CPU
		{218B2072-C521-447E-A880-9CF3603443A5}.Release|Any CPU.ActiveCfg = Release|Any CPU
		{218B2072-C521-447E-A880-9CF3603443A5}.Release|Any CPU.Build.0 = Release|Any CPU
		{030A381F-97FF-4B90-B8CD-07CB8FC611E9}.Debug|Any CPU.ActiveCfg = Debug|Any CPU
		{030A381F-97FF-4B90-B8CD-07CB8FC611E9}.Debug|Any CPU.Build.0 = Debug|Any CPU
		{030A381F-97FF-4B90-B8CD-07CB8FC611E9}.Release|Any CPU.ActiveCfg = Release|Any CPU
		{030A381F-97FF-4B90-B8CD-07CB8FC611E9}.Release|Any CPU.Build.0 = Release|Any CPU
		{F01CEC6E-AAEC-40C7-BA58-ECDCFFD8C632}.Debug|Any CPU.ActiveCfg = Debug|Any CPU
		{F01CEC6E-AAEC-40C7-BA58-ECDCFFD8C632}.Debug|Any CPU.Build.0 = Debug|Any CPU
		{F01CEC6E-AAEC-40C7-BA58-ECDCFFD8C632}.Release|Any CPU.ActiveCfg = Release|Any CPU
		{F01CEC6E-AAEC-40C7-BA58-ECDCFFD8C632}.Release|Any CPU.Build.0 = Release|Any CPU
	EndGlobalSection
	GlobalSection(SolutionProperties) = preSolution
		HideSolutionNode = FALSE
	EndGlobalSection
	GlobalSection(NestedProjects) = preSolution
		{F01CEC6E-AAEC-40C7-BA58-ECDCFFD8C632} = {0270329B-F2D5-4728-A3AF-1F3C91870F9E}
	EndGlobalSection
EndGlobal
